
Microsoft Visual Studio Solution File, Format Version 12.00
# Visual Studio Version 16
VisualStudioVersion = 16.0.30011.22
MinimumVisualStudioVersion = 10.0.40219.1
Project("{FAE04EC0-301F-11D3-BF4B-00C04F79EFBC}") = "Amnon'sProjects", "Amnon'sProjects\Amnon'sProjects.csproj", "{25C8B3D7-D3CF-4B16-9799-A6E326812DE9}"
EndProject
Project("{2150E333-8FDC-42A3-9474-1A3956D46DE8}") = "Solution Items", "Solution Items", "{B1020B7D-161A-4EC2-AB3F-2D4CC0670890}"
	ProjectSection(SolutionItems) = preProject
		.editorconfig = .editorconfig
	EndProjectSection
EndProject
Global
	GlobalSection(SolutionConfigurationPlatforms) = preSolution
		Debug|Any CPU = Debug|Any CPU
		Release|Any CPU = Release|Any CPU
	EndGlobalSection
	GlobalSection(ProjectConfigurationPlatforms) = postSolution
		{25C8B3D7-D3CF-4B16-9799-A6E326812DE9}.Debug|Any CPU.ActiveCfg = Debug|Any CPU
		{25C8B3D7-D3CF-4B16-9799-A6E326812DE9}.Debug|Any CPU.Build.0 = Debug|Any CPU
		{25C8B3D7-D3CF-4B16-9799-A6E326812DE9}.Release|Any CPU.ActiveCfg = Release|Any CPU
		{25C8B3D7-D3CF-4B16-9799-A6E326812DE9}.Release|Any CPU.Build.0 = Release|Any CPU
	EndGlobalSection
	GlobalSection(SolutionProperties) = preSolution
		HideSolutionNode = FALSE
	EndGlobalSection
	GlobalSection(ExtensibilityGlobals) = postSolution
		SolutionGuid = {DEC17C0E-C3AB-41A9-903F-73D1386FED6D}
	EndGlobalSection
EndGlobal
